
Microsoft Visual Studio Solution File, Format Version 12.00
# Visual Studio 15
VisualStudioVersion = 15.0.27004.2005
MinimumVisualStudioVersion = 10.0.40219.1
Project("{FAE04EC0-301F-11D3-BF4B-00C04F79EFBC}") = "PsicoterapiasIS", "PsicoterapiasIS\PsicoterapiasIS.csproj", "{507B0144-F944-4ADF-B866-D33AF4BF18F0}"
EndProject
Project("{FAE04EC0-301F-11D3-BF4B-00C04F79EFBC}") = "PsicoterapiasIS.Tests", "PsicoterapiasIS.Tests\PsicoterapiasIS.Tests.csproj", "{E9D0DFD6-78D9-42F8-A205-EDB23A725A84}"
EndProject
Global
	GlobalSection(SolutionConfigurationPlatforms) = preSolution
		Debug|Any CPU = Debug|Any CPU
		Release|Any CPU = Release|Any CPU
	EndGlobalSection
	GlobalSection(ProjectConfigurationPlatforms) = postSolution
		{507B0144-F944-4ADF-B866-D33AF4BF18F0}.Debug|Any CPU.ActiveCfg = Debug|Any CPU
		{507B0144-F944-4ADF-B866-D33AF4BF18F0}.Debug|Any CPU.Build.0 = Debug|Any CPU
		{507B0144-F944-4ADF-B866-D33AF4BF18F0}.Release|Any CPU.ActiveCfg = Release|Any CPU
		{507B0144-F944-4ADF-B866-D33AF4BF18F0}.Release|Any CPU.Build.0 = Release|Any CPU
		{E9D0DFD6-78D9-42F8-A205-EDB23A725A84}.Debug|Any CPU.ActiveCfg = Debug|Any CPU
		{E9D0DFD6-78D9-42F8-A205-EDB23A725A84}.Debug|Any CPU.Build.0 = Debug|Any CPU
		{E9D0DFD6-78D9-42F8-A205-EDB23A725A84}.Release|Any CPU.ActiveCfg = Release|Any CPU
		{E9D0DFD6-78D9-42F8-A205-EDB23A725A84}.Release|Any CPU.Build.0 = Release|Any CPU
	EndGlobalSection
	GlobalSection(SolutionProperties) = preSolution
		HideSolutionNode = FALSE
	EndGlobalSection
	GlobalSection(ExtensibilityGlobals) = postSolution
		SolutionGuid = {64831B9F-AFA4-4B4D-BEA0-7192458F3CAD}
	EndGlobalSection
EndGlobal
